lockfileVersion: 5.4

specifiers:
  '@types/node': ^18.7.13
  chalk: ^5.0.1

dependencies:
  chalk: 5.0.1

devDependencies:
  '@types/node': 18.7.13

packages:

  /@types/node/18.7.13:
    resolution: {integrity: sha512-46yIhxSe5xEaJZXWdIBP7GU4HDTG8/eo0qd9atdiL+lFpA03y8KS+lkTN834TWJj5767GbWv4n/P6efyTFt1Dw==}
    dev: true

  /chalk/5.0.1:
    resolution: {integrity: sha512-Fo07WOYGqMfCWHOzSXOt2CxDbC6skS/jO9ynEcmpANMoPrD+W1r1K6Vx7iNm+AQmETU1Xr2t+n8nzkV9t6xh3w==}
    engines: {node: ^12.17.0 || ^14.13 || >=16.0.0}
    dev: false
